// !$*UTF8*$!
{
	archiveVersion = 1;
	classes = {
	};
	objectVersion = 50;
	objects = {

/* Begin PBXBuildFile section */
		58E996BB25B5132900D19A00 /* readme in Resources */ = {isa = PBXBuildFile; fileRef = 58E996BA25B5132900D19A00 /* readme */; };
		58E9A84125B50F7500902CFC /* AppDelegate.swift in Sources */ = {isa = PBXBuildFile; fileRef = 58E9A84025B50F7500902CFC /* AppDelegate.swift */; };
		58E9A84525B50F7500902CFC /* ViewController.swift in Sources */ = {isa = PBXBuildFile; fileRef = 58E9A84425B50F7500902CFC /* ViewController.swift */; };
		58E9A84825B50F7500902CFC /* Main.storyboard in Resources */ = {isa = PBXBuildFile; fileRef = 58E9A84625B50F7500902CFC /* Main.storyboard */; };
		58E9A84B25B50F7500902CFC /* GMAssignment.xcdatamodeld in Sources */ = {isa = PBXBuildFile; fileRef = 58E9A84925B50F7500902CFC /* GMAssignment.xcdatamodeld */; };
		58E9A84D25B50F7A00902CFC /* Assets.xcassets in Resources */ = {isa = PBXBuildFile; fileRef = 58E9A84C25B50F7A00902CFC /* Assets.xcassets */; };
		58E9A85025B50F7A00902CFC /* LaunchScreen.storyboard in Resources */ = {isa = PBXBuildFile; fileRef = 58E9A84E25B50F7A00902CFC /* LaunchScreen.storyboard */; };
		58E9A85B25B50F7A00902CFC /* GMAssignmentTests.swift in Sources */ = {isa = PBXBuildFile; fileRef = 58E9A85A25B50F7A00902CFC /* GMAssignmentTests.swift */; };
		58E9A86625B50F7A00902CFC /* GMAssignmentUITests.swift in Sources */ = {isa = PBXBuildFile; fileRef = 58E9A86525B50F7A00902CFC /* GMAssignmentUITests.swift */; };
/* End PBXBuildFile section */

/* Begin PBXContainerItemProxy section */
		58E9A85725B50F7A00902CFC /* PBXContainerItemProxy */ = {
			isa = PBXContainerItemProxy;
			containerPortal = 58E9A83525B50F7400902CFC /* Project object */;
			proxyType = 1;
			remoteGlobalIDString = 58E9A83C25B50F7500902CFC;
			remoteInfo = GMAssignment;
		};
		58E9A86225B50F7A00902CFC /* PBXContainerItemProxy */ = {
			isa = PBXContainerItemProxy;
			containerPortal = 58E9A83525B50F7400902CFC /* Project object */;
			proxyType = 1;
			remoteGlobalIDString = 58E9A83C25B50F7500902CFC;
			remoteInfo = GMAssignment;
		};
/* End PBXContainerItemProxy section */

/* Begin PBXFileReference section */
		58E996BA25B5132900D19A00 /* readme */ = {isa = PBXFileReference; lastKnownFileType = text; path = readme; sourceTree = "<group>"; };
		58E9A83D25B50F7500902CFC /* GMAssignment.app */ = {isa = PBXFileReference; explicitFileType = wrapper.application; includeInIndex = 0; path = GMAssignment.app; sourceTree = BUILT_PRODUCTS_DIR; };
		58E9A84025B50F7500902CFC /* AppDelegate.swift */ = {isa = PBXFileReference; lastKnownFileType = sourcecode.swift; path = AppDelegate.swift; sourceTree = "<group>"; };
		58E9A84425B50F7500902CFC /* ViewController.swift */ = {isa = PBXFileReference; lastKnownFileType = sourcecode.swift; path = ViewController.swift; sourceTree = "<group>"; };
		58E9A84725B50F7500902CFC /* Base */ = {isa = PBXFileReference; lastKnownFileType = file.storyboard; name = Base; path = Base.lproj/Main.storyboard; sourceTree = "<group>"; };
		58E9A84A25B50F7500902CFC /* GMAssignment.xcdatamodel */ = {isa = PBXFileReference; lastKnownFileType = wrapper.xcdatamodel; path = GMAssignment.xcdatamodel; sourceTree = "<group>"; };
		58E9A84C25B50F7A00902CFC /* Assets.xcassets */ = {isa = PBXFileReference; lastKnownFileType = folder.assetcatalog; path = Assets.xcassets; sourceTree = "<group>"; };
		58E9A84F25B50F7A00902CFC /* Base */ = {isa = PBXFileReference; lastKnownFileType = file.storyboard; name = Base; path = Base.lproj/LaunchScreen.storyboard; sourceTree = "<group>"; };
		58E9A85125B50F7A00902CFC /* Info.plist */ = {isa = PBXFileReference; lastKnownFileType = text.plist.xml; path = Info.plist; sourceTree = "<group>"; };
		58E9A85625B50F7A00902CFC /* GMAssignmentTests.xctest */ = {isa = PBXFileReference; explicitFileType = wrapper.cfbundle; includeInIndex = 0; path = GMAssignmentTests.xctest; sourceTree = BUILT_PRODUCTS_DIR; };
		58E9A85A25B50F7A00902CFC /* GMAssignmentTests.swift */ = {isa = PBXFileReference; lastKnownFileType = sourcecode.swift; path = GMAssignmentTests.swift; sourceTree = "<group>"; };
		58E9A85C25B50F7A00902CFC /* Info.plist */ = {isa = PBXFileReference; lastKnownFileType = text.plist.xml; path = Info.plist; sourceTree = "<group>"; };
		58E9A86125B50F7A00902CFC /* GMAssignmentUITests.xctest */ = {isa = PBXFileReference; explicitFileType = wrapper.cfbundle; includeInIndex = 0; path = GMAssignmentUITests.xctest; sourceTree = BUILT_PRODUCTS_DIR; };
		58E9A86525B50F7A00902CFC /* GMAssignmentUITests.swift */ = {isa = PBXFileReference; lastKnownFileType = sourcecode.swift; path = GMAssignmentUITests.swift; sourceTree = "<group>"; };
		58E9A86725B50F7A00902CFC /* Info.plist */ = {isa = PBXFileReference; lastKnownFileType = text.plist.xml; path = Info.plist; sourceTree = "<group>"; };
/* End PBXFileReference section */

/* Begin PBXFrameworksBuildPhase section */
		58E9A83A25B50F7500902CFC /* Frameworks */ = {
			isa = PBXFrameworksBuildPhase;
			buildActionMask = 2147483647;
			files = (
			);
			runOnlyForDeploymentPostprocessing = 0;
		};
		58E9A85325B50F7A00902CFC /* Frameworks */ = {
			isa = PBXFrameworksBuildPhase;
			buildActionMask = 2147483647;
			files = (
			);
			runOnlyForDeploymentPostprocessing = 0;
		};
		58E9A85E25B50F7A00902CFC /* Frameworks */ = {
			isa = PBXFrameworksBuildPhase;
			buildActionMask = 2147483647;
			files = (
			);
			runOnlyForDeploymentPostprocessing = 0;
		};
/* End PBXFrameworksBuildPhase section */

/* Begin PBXGroup section */
		58E9A83425B50F7400902CFC = {
			isa = PBXGroup;
			children = (
				58E9A83F25B50F7500902CFC /* GMAssignment */,
				58E9A85925B50F7A00902CFC /* GMAssignmentTests */,
				58E9A86425B50F7A00902CFC /* GMAssignmentUITests */,
				58E9A83E25B50F7500902CFC /* Products */,
			);
			sourceTree = "<group>";
		};
		58E9A83E25B50F7500902CFC /* Products */ = {
			isa = PBXGroup;
			children = (
				58E9A83D25B50F7500902CFC /* GMAssignment.app */,
				58E9A85625B50F7A00902CFC /* GMAssignmentTests.xctest */,
				58E9A86125B50F7A00902CFC /* GMAssignmentUITests.xctest */,
			);
			name = Products;
			sourceTree = "<group>";
		};
		58E9A83F25B50F7500902CFC /* GMAssignment */ = {
			isa = PBXGroup;
			children = (
				58E9A84025B50F7500902CFC /* AppDelegate.swift */,
				58E9A84425B50F7500902CFC /* ViewController.swift */,
				58E9A84625B50F7500902CFC /* Main.storyboard */,
				58E9A84C25B50F7A00902CFC /* Assets.xcassets */,
				58E9A84E25B50F7A00902CFC /* LaunchScreen.storyboard */,
				58E9A85125B50F7A00902CFC /* Info.plist */,
				58E9A84925B50F7500902CFC /* GMAssignment.xcdatamodeld */,
				58E996BA25B5132900D19A00 /* readme */,
			);
			path = GMAssignment;
			sourceTree = "<group>";
		};
		58E9A85925B50F7A00902CFC /* GMAssignmentTests */ = {
			isa = PBXGroup;
			children = (
				58E9A85A25B50F7A00902CFC /* GMAssignmentTests.swift */,
				58E9A85C25B50F7A00902CFC /* Info.plist */,
			);
			path = GMAssignmentTests;
			sourceTree = "<group>";
		};
		58E9A86425B50F7A00902CFC /* GMAssignmentUITests */ = {
			isa = PBXGroup;
			children = (
				58E9A86525B50F7A00902CFC /* GMAssignmentUITests.swift */,
				58E9A86725B50F7A00902CFC /* Info.plist */,
			);
			path = GMAssignmentUITests;
			sourceTree = "<group>";
		};
/* End PBXGroup section */

/* Begin PBXNativeTarget section */
		58E9A83C25B50F7500902CFC /* GMAssignment */ = {
			isa = PBXNativeTarget;
			buildConfigurationList = 58E9A86A25B50F7A00902CFC /* Build configuration list for PBXNativeTarget "GMAssignment" */;
			buildPhases = (
				58E9A83925B50F7500902CFC /* Sources */,
				58E9A83A25B50F7500902CFC /* Frameworks */,
				58E9A83B25B50F7500902CFC /* Resources */,
			);
			buildRules = (
			);
			dependencies = (
			);
			name = GMAssignment;
			productName = GMAssignment;
			productReference = 58E9A83D25B50F7500902CFC /* GMAssignment.app */;
			productType = "com.apple.product-type.application";
		};
		58E9A85525B50F7A00902CFC /* GMAssignmentTests */ = {
			isa = PBXNativeTarget;
			buildConfigurationList = 58E9A86D25B50F7A00902CFC /* Build configuration list for PBXNativeTarget "GMAssignmentTests" */;
			buildPhases = (
				58E9A85225B50F7A00902CFC /* Sources */,
				58E9A85325B50F7A00902CFC /* Frameworks */,
				58E9A85425B50F7A00902CFC /* Resources */,
			);
			buildRules = (
			);
			dependencies = (
				58E9A85825B50F7A00902CFC /* PBXTargetDependency */,
			);
			name = GMAssignmentTests;
			productName = GMAssignmentTests;
			productReference = 58E9A85625B50F7A00902CFC /* GMAssignmentTests.xctest */;
			productType = "com.apple.product-type.bundle.unit-test";
		};
		58E9A86025B50F7A00902CFC /* GMAssignmentUITests */ = {
			isa = PBXNativeTarget;
			buildConfigurationList = 58E9A87025B50F7A00902CFC /* Build configuration list for PBXNativeTarget "GMAssignmentUITests" */;
			buildPhases = (
				58E9A85D25B50F7A00902CFC /* Sources */,
				58E9A85E25B50F7A00902CFC /* Frameworks */,
				58E9A85F25B50F7A00902CFC /* Resources */,
			);
			buildRules = (
			);
			dependencies = (
				58E9A86325B50F7A00902CFC /* PBXTargetDependency */,
			);
			name = GMAssignmentUITests;
			productName = GMAssignmentUITests;
			productReference = 58E9A86125B50F7A00902CFC /* GMAssignmentUITests.xctest */;
			productType = "com.apple.product-type.bundle.ui-testing";
		};
/* End PBXNativeTarget section */

/* Begin PBXProject section */
		58E9A83525B50F7400902CFC /* Project object */ = {
			isa = PBXProject;
			attributes = {
				LastSwiftUpdateCheck = 1230;
				LastUpgradeCheck = 1230;
				TargetAttributes = {
					58E9A83C25B50F7500902CFC = {
						CreatedOnToolsVersion = 12.3;
					};
					58E9A85525B50F7A00902CFC = {
						CreatedOnToolsVersion = 12.3;
						TestTargetID = 58E9A83C25B50F7500902CFC;
					};
					58E9A86025B50F7A00902CFC = {
						CreatedOnToolsVersion = 12.3;
						TestTargetID = 58E9A83C25B50F7500902CFC;
					};
				};
			};
			buildConfigurationList = 58E9A83825B50F7500902CFC /* Build configuration list for PBXProject "GMAssignment" */;
			compatibilityVersion = "Xcode 9.3";
			developmentRegion = en;
			hasScannedForEncodings = 0;
			knownRegions = (
				en,
				Base,
			);
			mainGroup = 58E9A83425B50F7400902CFC;
			productRefGroup = 58E9A83E25B50F7500902CFC /* Products */;
			projectDirPath = "";
			projectRoot = "";
			targets = (
				58E9A83C25B50F7500902CFC /* GMAssignment */,
				58E9A85525B50F7A00902CFC /* GMAssignmentTests */,
				58E9A86025B50F7A00902CFC /* GMAssignmentUITests */,
			);
		};
/* End PBXProject section */

/* Begin PBXResourcesBuildPhase section */
		58E9A83B25B50F7500902CFC /* Resources */ = {
			isa = PBXResourcesBuildPhase;
			buildActionMask = 2147483647;
			files = (
				58E996BB25B5132900D19A00 /* readme in Resources */,
				58E9A85025B50F7A00902CFC /* LaunchScreen.storyboard in Resources */,
				58E9A84D25B50F7A00902CFC /* Assets.xcassets in Resources */,
				58E9A84825B50F7500902CFC /* Main.storyboard in Resources */,
			);
			runOnlyForDeploymentPostprocessing = 0;
		};
		58E9A85425B50F7A00902CFC /* Resources */ = {
			isa = PBXResourcesBuildPhase;
			buildActionMask = 2147483647;
			files = (
			);
			runOnlyForDeploymentPostprocessing = 0;
		};
		58E9A85F25B50F7A00902CFC /* Resources */ = {
			isa = PBXResourcesBuildPhase;
			buildActionMask = 2147483647;
			files = (
			);
			runOnlyForDeploymentPostprocessing = 0;
		};
/* End PBXResourcesBuildPhase section */

/* Begin PBXSourcesBuildPhase section */
		58E9A83925B50F7500902CFC /* Sources */ = {
			isa = PBXSourcesBuildPhase;
			buildActionMask = 2147483647;
			files = (
				58E9A84525B50F7500902CFC /* ViewController.swift in Sources */,
				58E9A84125B50F7500902CFC /* AppDelegate.swift in Sources */,
				58E9A84B25B50F7500902CFC /* GMAssignment.xcdatamodeld in Sources */,
			);
			runOnlyForDeploymentPostprocessing = 0;
		};
		58E9A85225B50F7A00902CFC /* Sources */ = {
			isa = PBXSourcesBuildPhase;
			buildActionMask = 2147483647;
			files = (
				58E9A85B25B50F7A00902CFC /* GMAssignmentTests.swift in Sources */,
			);
			runOnlyForDeploymentPostprocessing = 0;
		};
		58E9A85D25B50F7A00902CFC /* Sources */ = {
			isa = PBXSourcesBuildPhase;
			buildActionMask = 2147483647;
			files = (
				58E9A86625B50F7A00902CFC /* GMAssignmentUITests.swift in Sources */,
			);
			runOnlyForDeploymentPostprocessing = 0;
		};
/* End PBXSourcesBuildPhase section */

/* Begin PBXTargetDependency section */
		58E9A85825B50F7A00902CFC /* PBXTargetDependency */ = {
			isa = PBXTargetDependency;
			target = 58E9A83C25B50F7500902CFC /* GMAssignment */;
			targetProxy = 58E9A85725B50F7A00902CFC /* PBXContainerItemProxy */;
		};
		58E9A86325B50F7A00902CFC /* PBXTargetDependency */ = {
			isa = PBXTargetDependency;
			target = 58E9A83C25B50F7500902CFC /* GMAssignment */;
			targetProxy = 58E9A86225B50F7A00902CFC /* PBXContainerItemProxy */;
		};
/* End PBXTargetDependency section */

/* Begin PBXVariantGroup section */
		58E9A84625B50F7500902CFC /* Main.storyboard */ = {
			isa = PBXVariantGroup;
			children = (
				58E9A84725B50F7500902CFC /* Base */,
			);
			name = Main.storyboard;
			sourceTree = "<group>";
		};
		58E9A84E25B50F7A00902CFC /* LaunchScreen.storyboard */ = {
			isa = PBXVariantGroup;
			children = (
				58E9A84F25B50F7A00902CFC /* Base */,
			);
			name = LaunchScreen.storyboard;
			sourceTree = "<group>";
		};
/* End PBXVariantGroup section */

/* Begin XCBuildConfiguration section */
		58E9A86825B50F7A00902CFC /* Debug */ = {
			isa = XCBuildConfiguration;
			buildSettings = {
				ALWAYS_SEARCH_USER_PATHS = NO;
				CLANG_ANALYZER_NONNULL = YES;
				CLANG_ANALYZER_NUMBER_OBJECT_CONVERSION = YES_AGGRESSIVE;
				CLANG_CXX_LANGUAGE_STANDARD = "gnu++14";
				CLANG_CXX_LIBRARY = "libc++";
				CLANG_ENABLE_MODULES = YES;
				CLANG_ENABLE_OBJC_ARC = YES;
				CLANG_ENABLE_OBJC_WEAK = YES;
				CLANG_WARN_BLOCK_CAPTURE_AUTORELEASING = YES;
				CLANG_WARN_BOOL_CONVERSION = YES;
				CLANG_WARN_COMMA = YES;
				CLANG_WARN_CONSTANT_CONVERSION = YES;
				CLANG_WARN_DEPRECATED_OBJC_IMPLEMENTATIONS = YES;
				CLANG_WARN_DIRECT_OBJC_ISA_USAGE = YES_ERROR;
				CLANG_WARN_DOCUMENTATION_COMMENTS = YES;
				CLANG_WARN_EMPTY_BODY = YES;
				CLANG_WARN_ENUM_CONVERSION = YES;
				CLANG_WARN_INFINITE_RECURSION = YES;
				CLANG_WARN_INT_CONVERSION = YES;
				CLANG_WARN_NON_LITERAL_NULL_CONVERSION = YES;
				CLANG_WARN_OBJC_IMPLICIT_RETAIN_SELF = YES;
				CLANG_WARN_OBJC_LITERAL_CONVERSION = YES;
				CLANG_WARN_OBJC_ROOT_CLASS = YES_ERROR;
				CLANG_WARN_QUOTED_INCLUDE_IN_FRAMEWORK_HEADER = YES;
				CLANG_WARN_RANGE_LOOP_ANALYSIS = YES;
				CLANG_WARN_STRICT_PROTOTYPES = YES;
				CLANG_WARN_SUSPICIOUS_MOVE = YES;
				CLANG_WARN_UNGUARDED_AVAILABILITY = YES_AGGRESSIVE;
				CLANG_WARN_UNREACHABLE_CODE = YES;
				CLANG_WARN__DUPLICATE_METHOD_MATCH = YES;
				COPY_PHASE_STRIP = NO;
				DEBUG_INFORMATION_FORMAT = dwarf;
				ENABLE_STRICT_OBJC_MSGSEND = YES;
				ENABLE_TESTABILITY = YES;
				GCC_C_LANGUAGE_STANDARD = gnu11;
				GCC_DYNAMIC_NO_PIC = NO;
				GCC_NO_COMMON_BLOCKS = YES;
				GCC_OPTIMIZATION_LEVEL = 0;
				GCC_PREPROCESSOR_DEFINITIONS = (
					"DEBUG=1",
					"$(inherited)",
				);
				GCC_WARN_64_TO_32_BIT_CONVERSION = YES;
				GCC_WARN_ABOUT_RETURN_TYPE = YES_ERROR;
				GCC_WARN_UNDECLARED_SELECTOR = YES;
				GCC_WARN_UNINITIALIZED_AUTOS = YES_AGGRESSIVE;
				GCC_WARN_UNUSED_FUNCTION = YES;
				GCC_WARN_UNUSED_VARIABLE = YES;
				IPHONEOS_DEPLOYMENT_TARGET = 14.3;
				MTL_ENABLE_DEBUG_INFO = INCLUDE_SOURCE;
				MTL_FAST_MATH = YES;
				ONLY_ACTIVE_ARCH = YES;
				SDKROOT = iphoneos;
				SWIFT_ACTIVE_COMPILATION_CONDITIONS = DEBUG;
				SWIFT_OPTIMIZATION_LEVEL = "-Onone";
			};
			name = Debug;
		};
		58E9A86925B50F7A00902CFC /* Release */ = {
			isa = XCBuildConfiguration;
			buildSettings = {
				ALWAYS_SEARCH_USER_PATHS = NO;
				CLANG_ANALYZER_NONNULL = YES;
				CLANG_ANALYZER_NUMBER_OBJECT_CONVERSION = YES_AGGRESSIVE;
				CLANG_CXX_LANGUAGE_STANDARD = "gnu++14";
				CLANG_CXX_LIBRARY = "libc++";
				CLANG_ENABLE_MODULES = YES;
				CLANG_ENABLE_OBJC_ARC = YES;
				CLANG_ENABLE_OBJC_WEAK = YES;
				CLANG_WARN_BLOCK_CAPTURE_AUTORELEASING = YES;
				CLANG_WARN_BOOL_CONVERSION = YES;
				CLANG_WARN_COMMA = YES;
				CLANG_WARN_CONSTANT_CONVERSION = YES;
				CLANG_WARN_DEPRECATED_OBJC_IMPLEMENTATIONS = YES;
				CLANG_WARN_DIRECT_OBJC_ISA_USAGE = YES_ERROR;
				CLANG_WARN_DOCUMENTATION_COMMENTS = YES;
				CLANG_WARN_EMPTY_BODY = YES;
				CLANG_WARN_ENUM_CONVERSION = YES;
				CLANG_WARN_INFINITE_RECURSION = YES;
				CLANG_WARN_INT_CONVERSION = YES;
				CLANG_WARN_NON_LITERAL_NULL_CONVERSION = YES;
				CLANG_WARN_OBJC_IMPLICIT_RETAIN_SELF = YES;
				CLANG_WARN_OBJC_LITERAL_CONVERSION = YES;
				CLANG_WARN_OBJC_ROOT_CLASS = YES_ERROR;
				CLANG_WARN_QUOTED_INCLUDE_IN_FRAMEWORK_HEADER = YES;
				CLANG_WARN_RANGE_LOOP_ANALYSIS = YES;
				CLANG_WARN_STRICT_PROTOTYPES = YES;
				CLANG_WARN_SUSPICIOUS_MOVE = YES;
				CLANG_WARN_UNGUARDED_AVAILABILITY = YES_AGGRESSIVE;
				CLANG_WARN_UNREACHABLE_CODE = YES;
				CLANG_WARN__DUPLICATE_METHOD_MATCH = YES;
				COPY_PHASE_STRIP = NO;
				DEBUG_INFORMATION_FORMAT = "dwarf-with-dsym";
				ENABLE_NS_ASSERTIONS = NO;
				ENABLE_STRICT_OBJC_MSGSEND = YES;
				GCC_C_LANGUAGE_STANDARD = gnu11;
				GCC_NO_COMMON_BLOCKS = YES;
				GCC_WARN_64_TO_32_BIT_CONVERSION = YES;
				GCC_WARN_ABOUT_RETURN_TYPE = YES_ERROR;
				GCC_WARN_UNDECLARED_SELECTOR = YES;
				GCC_WARN_UNINITIALIZED_AUTOS = YES_AGGRESSIVE;
				GCC_WARN_UNUSED_FUNCTION = YES;
				GCC_WARN_UNUSED_VARIABLE = YES;
				IPHONEOS_DEPLOYMENT_TARGET = 14.3;
				MTL_ENABLE_DEBUG_INFO = NO;
				MTL_FAST_MATH = YES;
				SDKROOT = iphoneos;
				SWIFT_COMPILATION_MODE = wholemodule;
				SWIFT_OPTIMIZATION_LEVEL = "-O";
				VALIDATE_PRODUCT = YES;
			};
			name = Release;
		};
		58E9A86B25B50F7A00902CFC /* Debug */ = {
			isa = XCBuildConfiguration;
			buildSettings = {
				ASSETCATALOG_COMPILER_APPICON_NAME = AppIcon;
				ASSETCATALOG_COMPILER_GLOBAL_ACCENT_COLOR_NAME = AccentColor;
				CODE_SIGN_STYLE = Automatic;
				INFOPLIST_FILE = GMAssignment/Info.plist;
				LD_RUNPATH_SEARCH_PATHS = (
					"$(inherited)",
					"@executable_path/Frameworks",
				);
				PRODUCT_BUNDLE_IDENTIFIER = com.shiva.GMAssignment;
				PRODUCT_NAME = "$(TARGET_NAME)";
				SWIFT_VERSION = 5.0;
				TARGETED_DEVICE_FAMILY = "1,2";
			};
			name = Debug;
		};
		58E9A86C25B50F7A00902CFC /* Release */ = {
			isa = XCBuildConfiguration;
			buildSettings = {
				ASSETCATALOG_COMPILER_APPICON_NAME = AppIcon;
				ASSETCATALOG_COMPILER_GLOBAL_ACCENT_COLOR_NAME = AccentColor;
				CODE_SIGN_STYLE = Automatic;
				INFOPLIST_FILE = GMAssignment/Info.plist;
				LD_RUNPATH_SEARCH_PATHS = (
					"$(inherited)",
					"@executable_path/Frameworks",
				);
				PRODUCT_BUNDLE_IDENTIFIER = com.shiva.GMAssignment;
				PRODUCT_NAME = "$(TARGET_NAME)";
				SWIFT_VERSION = 5.0;
				TARGETED_DEVICE_FAMILY = "1,2";
			};
			name = Release;
		};
		58E9A86E25B50F7A00902CFC /* Debug */ = {
			isa = XCBuildConfiguration;
			buildSettings = {
				ALWAYS_EMBED_SWIFT_STANDARD_LIBRARIES = YES;
				BUNDLE_LOADER = "$(TEST_HOST)";
				CODE_SIGN_STYLE = Automatic;
				INFOPLIST_FILE = GMAssignmentTests/Info.plist;
				IPHONEOS_DEPLOYMENT_TARGET = 14.3;
				LD_RUNPATH_SEARCH_PATHS = (
					"$(inherited)",
					"@executable_path/Frameworks",
					"@loader_path/Frameworks",
				);
				PRODUCT_BUNDLE_IDENTIFIER = com.shiva.GMAssignmentTests;
				PRODUCT_NAME = "$(TARGET_NAME)";
				SWIFT_VERSION = 5.0;
				TARGETED_DEVICE_FAMILY = "1,2";
				TEST_HOST = "$(BUILT_PRODUCTS_DIR)/GMAssignment.app/GMAssignment";
			};
			name = Debug;
		};
		58E9A86F25B50F7A00902CFC /* Release */ = {
			isa = XCBuildConfiguration;
			buildSettings = {
				ALWAYS_EMBED_SWIFT_STANDARD_LIBRARIES = YES;
				BUNDLE_LOADER = "$(TEST_HOST)";
				CODE_SIGN_STYLE = Automatic;
				INFOPLIST_FILE = GMAssignmentTests/Info.plist;
				IPHONEOS_DEPLOYMENT_TARGET = 14.3;
				LD_RUNPATH_SEARCH_PATHS = (
					"$(inherited)",
					"@executable_path/Frameworks",
					"@loader_path/Frameworks",
				);
				PRODUCT_BUNDLE_IDENTIFIER = com.shiva.GMAssignmentTests;
				PRODUCT_NAME = "$(TARGET_NAME)";
				SWIFT_VERSION = 5.0;
				TARGETED_DEVICE_FAMILY = "1,2";
				TEST_HOST = "$(BUILT_PRODUCTS_DIR)/GMAssignment.app/GMAssignment";
			};
			name = Release;
		};
		58E9A87125B50F7A00902CFC /* Debug */ = {
			isa = XCBuildConfiguration;
			buildSettings = {
				ALWAYS_EMBED_SWIFT_STANDARD_LIBRARIES = YES;
				CODE_SIGN_STYLE = Automatic;
				INFOPLIST_FILE = GMAssignmentUITests/Info.plist;
				LD_RUNPATH_SEARCH_PATHS = (
					"$(inherited)",
					"@executable_path/Frameworks",
					"@loader_path/Frameworks",
				);
				PRODUCT_BUNDLE_IDENTIFIER = com.shiva.GMAssignmentUITests;
				PRODUCT_NAME = "$(TARGET_NAME)";
				SWIFT_VERSION = 5.0;
				TARGETED_DEVICE_FAMILY = "1,2";
				TEST_TARGET_NAME = GMAssignment;
			};
			name = Debug;
		};
		58E9A87225B50F7A00902CFC /* Release */ = {
			isa = XCBuildConfiguration;
			buildSettings = {
				ALWAYS_EMBED_SWIFT_STANDARD_LIBRARIES = YES;
				CODE_SIGN_STYLE = Automatic;
				INFOPLIST_FILE = GMAssignmentUITests/Info.plist;
				LD_RUNPATH_SEARCH_PATHS = (
					"$(inherited)",
					"@executable_path/Frameworks",
					"@loader_path/Frameworks",
				);
				PRODUCT_BUNDLE_IDENTIFIER = com.shiva.GMAssignmentUITests;
				PRODUCT_NAME = "$(TARGET_NAME)";
				SWIFT_VERSION = 5.0;
				TARGETED_DEVICE_FAMILY = "1,2";
				TEST_TARGET_NAME = GMAssignment;
			};
			name = Release;
		};
/* End XCBuildConfiguration section */

/* Begin XCConfigurationList section */
		58E9A83825B50F7500902CFC /* Build configuration list for PBXProject "GMAssignment" */ = {
			isa = XCConfigurationList;
			buildConfigurations = (
				58E9A86825B50F7A00902CFC /* Debug */,
				58E9A86925B50F7A00902CFC /* Release */,
			);
			defaultConfigurationIsVisible = 0;
			defaultConfigurationName = Release;
		};
		58E9A86A25B50F7A00902CFC /* Build configuration list for PBXNativeTarget "GMAssignment" */ = {
			isa = XCConfigurationList;
			buildConfigurations = (
				58E9A86B25B50F7A00902CFC /* Debug */,
				58E9A86C25B50F7A00902CFC /* Release */,
			);
			defaultConfigurationIsVisible = 0;
			defaultConfigurationName = Release;
		};
		58E9A86D25B50F7A00902CFC /* Build configuration list for PBXNativeTarget "GMAssignmentTests" */ = {
			isa = XCConfigurationList;
			buildConfigurations = (
				58E9A86E25B50F7A00902CFC /* Debug */,
				58E9A86F25B50F7A00902CFC /* Release */,
			);
			defaultConfigurationIsVisible = 0;
			defaultConfigurationName = Release;
		};
		58E9A87025B50F7A00902CFC /* Build configuration list for PBXNativeTarget "GMAssignmentUITests" */ = {
			isa = XCConfigurationList;
			buildConfigurations = (
				58E9A87125B50F7A00902CFC /* Debug */,
				58E9A87225B50F7A00902CFC /* Release */,
			);
			defaultConfigurationIsVisible = 0;
			defaultConfigurationName = Release;
		};
/* End XCConfigurationList section */

/* Begin XCVersionGroup section */
		58E9A84925B50F7500902CFC /* GMAssignment.xcdatamodeld */ = {
			isa = XCVersionGroup;
			children = (
				58E9A84A25B50F7500902CFC /* GMAssignment.xcdatamodel */,
			);
			currentVersion = 58E9A84A25B50F7500902CFC /* GMAssignment.xcdatamodel */;
			path = GMAssignment.xcdatamodeld;
			sourceTree = "<group>";
			versionGroupType = wrapper.xcdatamodel;
		};
/* End XCVersionGroup section */
	};
	rootObject = 58E9A83525B50F7400902CFC /* Project object */;
}
